PODS:
  - LTxCamera (0.0.6):
    - LTxCamera/Ablum (= 0.0.6)
    - LTxCamera/Common (= 0.0.6)
    - LTxCamera/Core (= 0.0.6)
    - LTxCamera/Model (= 0.0.6)
    - LTxCamera/Scan (= 0.0.6)
    - LTxCamera/Shoot (= 0.0.6)
    - LTxCamera/View (= 0.0.6)
  - LTxCamera/Ablum (0.0.6):
    - LTxCamera/Common
    - LTxCamera/View
  - LTxCamera/Common (0.0.6):
    - LTxCamera/Model
  - LTxCamera/Core (0.0.6):
    - LTxCamera/Ablum
    - LTxCamera/Scan
    - LTxCamera/Shoot
    - LTxCamera/View
  - LTxCamera/Model (0.0.6)
  - LTxCamera/Scan (0.0.6):
    - LTxCamera/Common
  - LTxCamera/Shoot (0.0.6):
    - LTxCamera/Common
    - LTxCamera/View
  - LTxCamera/View (0.0.6):
    - LTxCamera/Common

DEPENDENCIES:
  - LTxCamera (from `../`)

EXTERNAL SOURCES:
  LTxCamera:
    :path: "../"

SPEC CHECKSUMS:
  LTxCamera: 7b254a1bfa9a8cc9a285c7b01d76288ea4fbb5a9

PODFILE CHECKSUM: c25f4c409e3a2580bddf230fcd70a2b8b10f99d1

COCOAPODS: 1.5.2
