// !$*UTF8*$!
{
	archiveVersion = 1;
	classes = {
	};
	objectVersion = 48;
	objects = {

/* Begin PBXBuildFile section */
		01701D5006CAABCC2B485A23 /* Pods_CustomCameraDemo.framework in Frameworks */ = {isa = PBXBuildFile; fileRef = 3870E3A8C90DC87B1EF4AC93 /* Pods_CustomCameraDemo.framework */; };
		2731BD102138CA2800C16BC8 /* MainDemoTableViewController.m in Sources */ = {isa = PBXBuildFile; fileRef = 2731BD0F2138CA2800C16BC8 /* MainDemoTableViewController.m */; };
		2762E3A2208B38C2000504C1 /* AppDelegate.m in Sources */ = {isa = PBXBuildFile; fileRef = 2762E3A1208B38C2000504C1 /* AppDelegate.m */; };
		2762E3A8208B38C2000504C1 /* Main.storyboard in Resources */ = {isa = PBXBuildFile; fileRef = 2762E3A6208B38C2000504C1 /* Main.storyboard */; };
		2762E3AA208B38C2000504C1 /* Assets.xcassets in Resources */ = {isa = PBXBuildFile; fileRef = 2762E3A9208B38C2000504C1 /* Assets.xcassets */; };
		2762E3AD208B38C2000504C1 /* LaunchScreen.storyboard in Resources */ = {isa = PBXBuildFile; fileRef = 2762E3AB208B38C2000504C1 /* LaunchScreen.storyboard */; };
		2762E3B0208B38C2000504C1 /* main.m in Sources */ = {isa = PBXBuildFile; fileRef = 2762E3AF208B38C2000504C1 /* main.m */; };
		27F7588A2093121B00142093 /* QRCodeViewController.m in Sources */ = {isa = PBXBuildFile; fileRef = 27F758892093121B00142093 /* QRCodeViewController.m */; };
/* End PBXBuildFile section */

/* Begin PBXFileReference section */
		2731BD0E2138CA2800C16BC8 /* MainDemoTableViewController.h */ = {isa = PBXFileReference; lastKnownFileType = sourcecode.c.h; path = MainDemoTableViewController.h; sourceTree = "<group>"; };
		2731BD0F2138CA2800C16BC8 /* MainDemoTableViewController.m */ = {isa = PBXFileReference; lastKnownFileType = sourcecode.c.objc; path = MainDemoTableViewController.m; sourceTree = "<group>"; };
		2731BD282138D45C00C16BC8 /* zh-Hans */ = {isa = PBXFileReference; lastKnownFileType = text.plist.strings; name = "zh-Hans"; path = "zh-Hans.lproj/Main.strings"; sourceTree = "<group>"; };
		2731BD292138D45C00C16BC8 /* zh-Hans */ = {isa = PBXFileReference; lastKnownFileType = text.plist.strings; name = "zh-Hans"; path = "zh-Hans.lproj/LaunchScreen.strings"; sourceTree = "<group>"; };
		2762E39D208B38C2000504C1 /* CustomCameraDemo.app */ = {isa = PBXFileReference; explicitFileType = wrapper.application; includeInIndex = 0; path = CustomCameraDemo.app; sourceTree = BUILT_PRODUCTS_DIR; };
		2762E3A0208B38C2000504C1 /* AppDelegate.h */ = {isa = PBXFileReference; lastKnownFileType = sourcecode.c.h; path = AppDelegate.h; sourceTree = "<group>"; };
		2762E3A1208B38C2000504C1 /* AppDelegate.m */ = {isa = PBXFileReference; lastKnownFileType = sourcecode.c.objc; path = AppDelegate.m; sourceTree = "<group>"; };
		2762E3A7208B38C2000504C1 /* Base */ = {isa = PBXFileReference; lastKnownFileType = file.storyboard; name = Base; path = Base.lproj/Main.storyboard; sourceTree = "<group>"; };
		2762E3A9208B38C2000504C1 /* Assets.xcassets */ = {isa = PBXFileReference; lastKnownFileType = folder.assetcatalog; path = Assets.xcassets; sourceTree = "<group>"; };
		2762E3AC208B38C2000504C1 /* Base */ = {isa = PBXFileReference; lastKnownFileType = file.storyboard; name = Base; path = Base.lproj/LaunchScreen.storyboard; sourceTree = "<group>"; };
		2762E3AE208B38C2000504C1 /* Info.plist */ = {isa = PBXFileReference; lastKnownFileType = text.plist.xml; path = Info.plist; sourceTree = "<group>"; };
		2762E3AF208B38C2000504C1 /* main.m */ = {isa = PBXFileReference; lastKnownFileType = sourcecode.c.objc; path = main.m; sourceTree = "<group>"; };
		27F758882093121B00142093 /* QRCodeViewController.h */ = {isa = PBXFileReference; lastKnownFileType = sourcecode.c.h; path = QRCodeViewController.h; sourceTree = "<group>"; };
		27F758892093121B00142093 /* QRCodeViewController.m */ = {isa = PBXFileReference; lastKnownFileType = sourcecode.c.objc; path = QRCodeViewController.m; sourceTree = "<group>"; };
		3870E3A8C90DC87B1EF4AC93 /* Pods_CustomCameraDemo.framework */ = {isa = PBXFileReference; explicitFileType = wrapper.framework; includeInIndex = 0; path = Pods_CustomCameraDemo.framework; sourceTree = BUILT_PRODUCTS_DIR; };
		431ED4C0DA550DAA9BD8234D /* Pods-CustomCameraDemo.debug.xcconfig */ = {isa = PBXFileReference; includeInIndex = 1; lastKnownFileType = text.xcconfig; name = "Pods-CustomCameraDemo.debug.xcconfig"; path = "Pods/Target Support Files/Pods-CustomCameraDemo/Pods-CustomCameraDemo.debug.xcconfig"; sourceTree = "<group>"; };
		B1206666B6E5A3B7A3E067C3 /* Pods-CustomCameraDemo.release.xcconfig */ = {isa = PBXFileReference; includeInIndex = 1; lastKnownFileType = text.xcconfig; name = "Pods-CustomCameraDemo.release.xcconfig"; path = "Pods/Target Support Files/Pods-CustomCameraDemo/Pods-CustomCameraDemo.release.xcconfig"; sourceTree = "<group>"; };
/* End PBXFileReference section */

/* Begin PBXFrameworksBuildPhase section */
		2762E39A208B38C2000504C1 /* Frameworks */ = {
			isa = PBXFrameworksBuildPhase;
			buildActionMask = 2147483647;
			files = (
				01701D5006CAABCC2B485A23 /* Pods_CustomCameraDemo.framework in Frameworks */,
			);
			runOnlyForDeploymentPostprocessing = 0;
		};
/* End PBXFrameworksBuildPhase section */

/* Begin PBXGroup section */
		2762E394208B38C1000504C1 = {
			isa = PBXGroup;
			children = (
				2762E39F208B38C2000504C1 /* CustomCameraDemo */,
				2762E39E208B38C2000504C1 /* Products */,
				434173E050A416C1DFC1B310 /* Pods */,
				8329A0F81A8187B22E0442C7 /* Frameworks */,
			);
			sourceTree = "<group>";
		};
		2762E39E208B38C2000504C1 /* Products */ = {
			isa = PBXGroup;
			children = (
				2762E39D208B38C2000504C1 /* CustomCameraDemo.app */,
			);
			name = Products;
			sourceTree = "<group>";
		};
		2762E39F208B38C2000504C1 /* CustomCameraDemo */ = {
			isa = PBXGroup;
			children = (
				2762E3A0208B38C2000504C1 /* AppDelegate.h */,
				2762E3A1208B38C2000504C1 /* AppDelegate.m */,
				2731BD0E2138CA2800C16BC8 /* MainDemoTableViewController.h */,
				2731BD0F2138CA2800C16BC8 /* MainDemoTableViewController.m */,
				27F758882093121B00142093 /* QRCodeViewController.h */,
				27F758892093121B00142093 /* QRCodeViewController.m */,
				2762E3A6208B38C2000504C1 /* Main.storyboard */,
				2762E3A9208B38C2000504C1 /* Assets.xcassets */,
				2762E3AB208B38C2000504C1 /* LaunchScreen.storyboard */,
				2762E3AE208B38C2000504C1 /* Info.plist */,
				2762E3AF208B38C2000504C1 /* main.m */,
			);
			path = CustomCameraDemo;
			sourceTree = "<group>";
		};
		434173E050A416C1DFC1B310 /* Pods */ = {
			isa = PBXGroup;
			children = (
				431ED4C0DA550DAA9BD8234D /* Pods-CustomCameraDemo.debug.xcconfig */,
				B1206666B6E5A3B7A3E067C3 /* Pods-CustomCameraDemo.release.xcconfig */,
			);
			name = Pods;
			sourceTree = "<group>";
		};
		8329A0F81A8187B22E0442C7 /* Frameworks */ = {
			isa = PBXGroup;
			children = (
				3870E3A8C90DC87B1EF4AC93 /* Pods_CustomCameraDemo.framework */,
			);
			name = Frameworks;
			sourceTree = "<group>";
		};
/* End PBXGroup section */

/* Begin PBXNativeTarget section */
		2762E39C208B38C2000504C1 /* CustomCameraDemo */ = {
			isa = PBXNativeTarget;
			buildConfigurationList = 2762E3B3208B38C2000504C1 /* Build configuration list for PBXNativeTarget "CustomCameraDemo" */;
			buildPhases = (
				7511DF57B2D092059C7589D0 /* [CP] Check Pods Manifest.lock */,
				2762E399208B38C2000504C1 /* Sources */,
				2762E39A208B38C2000504C1 /* Frameworks */,
				2762E39B208B38C2000504C1 /* Resources */,
				C0567AFC6D2EBBC61E93F0BC /* [CP] Embed Pods Frameworks */,
			);
			buildRules = (
			);
			dependencies = (
			);
			name = CustomCameraDemo;
			productName = CustomCameraDemo;
			productReference = 2762E39D208B38C2000504C1 /* CustomCameraDemo.app */;
			productType = "com.apple.product-type.application";
		};
/* End PBXNativeTarget section */

/* Begin PBXProject section */
		2762E395208B38C1000504C1 /* Project object */ = {
			isa = PBXProject;
			attributes = {
				LastUpgradeCheck = 0920;
				TargetAttributes = {
					2762E39C208B38C2000504C1 = {
						CreatedOnToolsVersion = 9.2;
						ProvisioningStyle = Automatic;
					};
				};
			};
			buildConfigurationList = 2762E398208B38C1000504C1 /* Build configuration list for PBXProject "CustomCameraDemo" */;
			compatibilityVersion = "Xcode 8.0";
			developmentRegion = en;
			hasScannedForEncodings = 0;
			knownRegions = (
				en,
				Base,
			);
			mainGroup = 2762E394208B38C1000504C1;
			productRefGroup = 2762E39E208B38C2000504C1 /* Products */;
			projectDirPath = "";
			projectRoot = "";
			targets = (
				2762E39C208B38C2000504C1 /* CustomCameraDemo */,
			);
		};
/* End PBXProject section */

/* Begin PBXResourcesBuildPhase section */
		2762E39B208B38C2000504C1 /* Resources */ = {
			isa = PBXResourcesBuildPhase;
			buildActionMask = 2147483647;
			files = (
				2762E3AD208B38C2000504C1 /* LaunchScreen.storyboard in Resources */,
				2762E3AA208B38C2000504C1 /* Assets.xcassets in Resources */,
				2762E3A8208B38C2000504C1 /* Main.storyboard in Resources */,
			);
			runOnlyForDeploymentPostprocessing = 0;
		};
/* End PBXResourcesBuildPhase section */

/* Begin PBXShellScriptBuildPhase section */
		7511DF57B2D092059C7589D0 /* [CP] Check Pods Manifest.lock */ = {
			isa = PBXShellScriptBuildPhase;
			buildActionMask = 2147483647;
			files = (
			);
			inputPaths = (
				"${PODS_PODFILE_DIR_PATH}/Podfile.lock",
				"${PODS_ROOT}/Manifest.lock",
			);
			name = "[CP] Check Pods Manifest.lock";
			outputPaths = (
				"$(DERIVED_FILE_DIR)/Pods-CustomCameraDemo-checkManifestLockResult.txt",
			);
			runOnlyForDeploymentPostprocessing = 0;
			shellPath = /bin/sh;
			shellScript = "diff \"${PODS_PODFILE_DIR_PATH}/Podfile.lock\" \"${PODS_ROOT}/Manifest.lock\" > /dev/null\nif [ $? != 0 ] ; then\n    # print error to STDERR\n    echo \"error: The sandbox is not in sync with the Podfile.lock. Run 'pod install' or update your CocoaPods installation.\" >&2\n    exit 1\nfi\n# This output is used by Xcode 'outputs' to avoid re-running this script phase.\necho \"SUCCESS\" > \"${SCRIPT_OUTPUT_FILE_0}\"\n";
			showEnvVarsInLog = 0;
		};
		C0567AFC6D2EBBC61E93F0BC /* [CP] Embed Pods Frameworks */ = {
			isa = PBXShellScriptBuildPhase;
			buildActionMask = 2147483647;
			files = (
			);
			inputPaths = (
				"${SRCROOT}/Pods/Target Support Files/Pods-CustomCameraDemo/Pods-CustomCameraDemo-frameworks.sh",
				"${BUILT_PRODUCTS_DIR}/LTxCamera/LTxCamera.framework",
			);
			name = "[CP] Embed Pods Frameworks";
			outputPaths = (
				"${TARGET_BUILD_DIR}/${FRAMEWORKS_FOLDER_PATH}/LTxCamera.framework",
			);
			runOnlyForDeploymentPostprocessing = 0;
			shellPath = /bin/sh;
			shellScript = "\"${SRCROOT}/Pods/Target Support Files/Pods-CustomCameraDemo/Pods-CustomCameraDemo-frameworks.sh\"\n";
			showEnvVarsInLog = 0;
		};
/* End PBXShellScriptBuildPhase section */

/* Begin PBXSourcesBuildPhase section */
		2762E399208B38C2000504C1 /* Sources */ = {
			isa = PBXSourcesBuildPhase;
			buildActionMask = 2147483647;
			files = (
				2762E3B0208B38C2000504C1 /* main.m in Sources */,
				27F7588A2093121B00142093 /* QRCodeViewController.m in Sources */,
				2731BD102138CA2800C16BC8 /* MainDemoTableViewController.m in Sources */,
				2762E3A2208B38C2000504C1 /* AppDelegate.m in Sources */,
			);
			runOnlyForDeploymentPostprocessing = 0;
		};
/* End PBXSourcesBuildPhase section */

/* Begin PBXVariantGroup section */
		2762E3A6208B38C2000504C1 /* Main.storyboard */ = {
			isa = PBXVariantGroup;
			children = (
				2762E3A7208B38C2000504C1 /* Base */,
				2731BD282138D45C00C16BC8 /* zh-Hans */,
			);
			name = Main.storyboard;
			sourceTree = "<group>";
		};
		2762E3AB208B38C2000504C1 /* LaunchScreen.storyboard */ = {
			isa = PBXVariantGroup;
			children = (
				2762E3AC208B38C2000504C1 /* Base */,
				2731BD292138D45C00C16BC8 /* zh-Hans */,
			);
			name = LaunchScreen.storyboard;
			sourceTree = "<group>";
		};
/* End PBXVariantGroup section */

/* Begin XCBuildConfiguration section */
		2762E3B1208B38C2000504C1 /* Debug */ = {
			isa = XCBuildConfiguration;
			buildSettings = {
				ALWAYS_SEARCH_USER_PATHS = NO;
				CLANG_ANALYZER_LOCALIZABILITY_NONLOCALIZED = YES;
				CLANG_ANALYZER_NONNULL = YES;
				CLANG_ANALYZER_NUMBER_OBJECT_CONVERSION = YES_AGGRESSIVE;
				CLANG_CXX_LANGUAGE_STANDARD = "gnu++14";
				CLANG_CXX_LIBRARY = "libc++";
				CLANG_ENABLE_MODULES = YES;
				CLANG_ENABLE_OBJC_ARC = YES;
				CLANG_WARN_BLOCK_CAPTURE_AUTORELEASING = YES;
				CLANG_WARN_BOOL_CONVERSION = YES;
				CLANG_WARN_COMMA = YES;
				CLANG_WARN_CONSTANT_CONVERSION = YES;
				CLANG_WARN_DIRECT_OBJC_ISA_USAGE = YES_ERROR;
				CLANG_WARN_DOCUMENTATION_COMMENTS = YES;
				CLANG_WARN_EMPTY_BODY = YES;
				CLANG_WARN_ENUM_CONVERSION = YES;
				CLANG_WARN_INFINITE_RECURSION = YES;
				CLANG_WARN_INT_CONVERSION = YES;
				CLANG_WARN_NON_LITERAL_NULL_CONVERSION = YES;
				CLANG_WARN_OBJC_LITERAL_CONVERSION = YES;
				CLANG_WARN_OBJC_ROOT_CLASS = YES_ERROR;
				CLANG_WARN_RANGE_LOOP_ANALYSIS = YES;
				CLANG_WARN_STRICT_PROTOTYPES = YES;
				CLANG_WARN_SUSPICIOUS_MOVE = YES;
				CLANG_WARN_UNGUARDED_AVAILABILITY = YES_AGGRESSIVE;
				CLANG_WARN_UNREACHABLE_CODE = YES;
				CLANG_WARN__DUPLICATE_METHOD_MATCH = YES;
				CODE_SIGN_IDENTITY = "iPhone Developer";
				COPY_PHASE_STRIP = NO;
				DEBUG_INFORMATION_FORMAT = dwarf;
				ENABLE_STRICT_OBJC_MSGSEND = YES;
				ENABLE_TESTABILITY = YES;
				GCC_C_LANGUAGE_STANDARD = gnu11;
				GCC_DYNAMIC_NO_PIC = NO;
				GCC_NO_COMMON_BLOCKS = YES;
				GCC_OPTIMIZATION_LEVEL = 0;
				GCC_PREPROCESSOR_DEFINITIONS = (
					"DEBUG=1",
					"$(inherited)",
				);
				GCC_WARN_64_TO_32_BIT_CONVERSION = YES;
				GCC_WARN_ABOUT_RETURN_TYPE = YES_ERROR;
				GCC_WARN_UNDECLARED_SELECTOR = YES;
				GCC_WARN_UNINITIALIZED_AUTOS = YES_AGGRESSIVE;
				GCC_WARN_UNUSED_FUNCTION = YES;
				GCC_WARN_UNUSED_VARIABLE = YES;
				IPHONEOS_DEPLOYMENT_TARGET = 11.2;
				MTL_ENABLE_DEBUG_INFO = YES;
				ONLY_ACTIVE_ARCH = YES;
				SDKROOT = iphoneos;
			};
			name = Debug;
		};
		2762E3B2208B38C2000504C1 /* Release */ = {
			isa = XCBuildConfiguration;
			buildSettings = {
				ALWAYS_SEARCH_USER_PATHS = NO;
				CLANG_ANALYZER_LOCALIZABILITY_NONLOCALIZED = YES;
				CLANG_ANALYZER_NONNULL = YES;
				CLANG_ANALYZER_NUMBER_OBJECT_CONVERSION = YES_AGGRESSIVE;
				CLANG_CXX_LANGUAGE_STANDARD = "gnu++14";
				CLANG_CXX_LIBRARY = "libc++";
				CLANG_ENABLE_MODULES = YES;
				CLANG_ENABLE_OBJC_ARC = YES;
				CLANG_WARN_BLOCK_CAPTURE_AUTORELEASING = YES;
				CLANG_WARN_BOOL_CONVERSION = YES;
				CLANG_WARN_COMMA = YES;
				CLANG_WARN_CONSTANT_CONVERSION = YES;
				CLANG_WARN_DIRECT_OBJC_ISA_USAGE = YES_ERROR;
				CLANG_WARN_DOCUMENTATION_COMMENTS = YES;
				CLANG_WARN_EMPTY_BODY = YES;
				CLANG_WARN_ENUM_CONVERSION = YES;
				CLANG_WARN_INFINITE_RECURSION = YES;
				CLANG_WARN_INT_CONVERSION = YES;
				CLANG_WARN_NON_LITERAL_NULL_CONVERSION = YES;
				CLANG_WARN_OBJC_LITERAL_CONVERSION = YES;
				CLANG_WARN_OBJC_ROOT_CLASS = YES_ERROR;
				CLANG_WARN_RANGE_LOOP_ANALYSIS = YES;
				CLANG_WARN_STRICT_PROTOTYPES = YES;
				CLANG_WARN_SUSPICIOUS_MOVE = YES;
				CLANG_WARN_UNGUARDED_AVAILABILITY = YES_AGGRESSIVE;
				CLANG_WARN_UNREACHABLE_CODE = YES;
				CLANG_WARN__DUPLICATE_METHOD_MATCH = YES;
				CODE_SIGN_IDENTITY = "iPhone Developer";
				COPY_PHASE_STRIP = NO;
				DEBUG_INFORMATION_FORMAT = "dwarf-with-dsym";
				ENABLE_NS_ASSERTIONS = NO;
				ENABLE_STRICT_OBJC_MSGSEND = YES;
				GCC_C_LANGUAGE_STANDARD = gnu11;
				GCC_NO_COMMON_BLOCKS = YES;
				GCC_WARN_64_TO_32_BIT_CONVERSION = YES;
				GCC_WARN_ABOUT_RETURN_TYPE = YES_ERROR;
				GCC_WARN_UNDECLARED_SELECTOR = YES;
				GCC_WARN_UNINITIALIZED_AUTOS = YES_AGGRESSIVE;
				GCC_WARN_UNUSED_FUNCTION = YES;
				GCC_WARN_UNUSED_VARIABLE = YES;
				IPHONEOS_DEPLOYMENT_TARGET = 11.2;
				MTL_ENABLE_DEBUG_INFO = NO;
				SDKROOT = iphoneos;
				VALIDATE_PRODUCT = YES;
			};
			name = Release;
		};
		2762E3B4208B38C2000504C1 /* Debug */ = {
			isa = XCBuildConfiguration;
			baseConfigurationReference = 431ED4C0DA550DAA9BD8234D /* Pods-CustomCameraDemo.debug.xcconfig */;
			buildSettings = {
				ASSETCATALOG_COMPILER_APPICON_NAME = AppIcon;
				CODE_SIGN_STYLE = Automatic;
				DEVELOPMENT_TEAM = U4Y5XJ6M4W;
				INFOPLIST_FILE = CustomCameraDemo/Info.plist;
				IPHONEOS_DEPLOYMENT_TARGET = 9.0;
				LD_RUNPATH_SEARCH_PATHS = "$(inherited) @executable_path/Frameworks";
				PRODUCT_BUNDLE_IDENTIFIER = com.eep.test;
				PRODUCT_NAME = "$(TARGET_NAME)";
				TARGETED_DEVICE_FAMILY = "1,2";
			};
			name = Debug;
		};
		2762E3B5208B38C2000504C1 /* Release */ = {
			isa = XCBuildConfiguration;
			baseConfigurationReference = B1206666B6E5A3B7A3E067C3 /* Pods-CustomCameraDemo.release.xcconfig */;
			buildSettings = {
				ASSETCATALOG_COMPILER_APPICON_NAME = AppIcon;
				CODE_SIGN_STYLE = Automatic;
				DEVELOPMENT_TEAM = U4Y5XJ6M4W;
				INFOPLIST_FILE = CustomCameraDemo/Info.plist;
				IPHONEOS_DEPLOYMENT_TARGET = 9.0;
				LD_RUNPATH_SEARCH_PATHS = "$(inherited) @executable_path/Frameworks";
				PRODUCT_BUNDLE_IDENTIFIER = com.eep.test;
				PRODUCT_NAME = "$(TARGET_NAME)";
				TARGETED_DEVICE_FAMILY = "1,2";
			};
			name = Release;
		};
/* End XCBuildConfiguration section */

/* Begin XCConfigurationList section */
		2762E398208B38C1000504C1 /* Build configuration list for PBXProject "CustomCameraDemo" */ = {
			isa = XCConfigurationList;
			buildConfigurations = (
				2762E3B1208B38C2000504C1 /* Debug */,
				2762E3B2208B38C2000504C1 /* Release */,
			);
			defaultConfigurationIsVisible = 0;
			defaultConfigurationName = Release;
		};
		2762E3B3208B38C2000504C1 /* Build configuration list for PBXNativeTarget "CustomCameraDemo" */ = {
			isa = XCConfigurationList;
			buildConfigurations = (
				2762E3B4208B38C2000504C1 /* Debug */,
				2762E3B5208B38C2000504C1 /* Release */,
			);
			defaultConfigurationIsVisible = 0;
			defaultConfigurationName = Release;
		};
/* End XCConfigurationList section */
	};
	rootObject = 2762E395208B38C1000504C1 /* Project object */;
}
